
Microsoft Visual Studio Solution File, Format Version 12.00
# Visual Studio Version 17
VisualStudioVersion = 17.9.34723.18
MinimumVisualStudioVersion = 10.0.40219.1
Project("{FAE04EC0-301F-11D3-BF4B-00C04F79EFBC}") = "WindowsFormsApp1", "WindowsFormsApp1\WindowsFormsApp1.csproj", "{8CF54C31-715A-4D90-9E71-FA976989F361}"
EndProject
Global
	GlobalSection(SolutionConfigurationPlatforms) = preSolution
		Debug|Any CPU = Debug|Any CPU
		Release|Any CPU = Release|Any CPU
	EndGlobalSection
	GlobalSection(ProjectConfigurationPlatforms) = postSolution
		{8CF54C31-715A-4D90-9E71-FA976989F361}.Debug|Any CPU.ActiveCfg = Debug|Any CPU
		{8CF54C31-715A-4D90-9E71-FA976989F361}.Debug|Any CPU.Build.0 = Debug|Any CPU
		{8CF54C31-715A-4D90-9E71-FA976989F361}.Release|Any CPU.ActiveCfg = Release|Any CPU
		{8CF54C31-715A-4D90-9E71-FA976989F361}.Release|Any CPU.Build.0 = Release|Any CPU
	EndGlobalSection
	GlobalSection(SolutionProperties) = preSolution
		HideSolutionNode = FALSE
	EndGlobalSection
	GlobalSection(ExtensibilityGlobals) = postSolution
		SolutionGuid = {8E466E25-A57B-4EB5-B92E-8CB179180790}
	EndGlobalSection
EndGlobal
