
Microsoft Visual Studio Solution File, Format Version 12.00
# Visual Studio Version 17
VisualStudioVersion = 17.9.34728.123
MinimumVisualStudioVersion = 10.0.40219.1
Project("{FAE04EC0-301F-11D3-BF4B-00C04F79EFBC}") = "ASPNETExamples", "ASPNETExamples\ASPNETExamples.csproj", "{04D4B77D-F4DE-4741-992B-49F989150AA5}"
EndProject
Global
	GlobalSection(SolutionConfigurationPlatforms) = preSolution
		Debug|Any CPU = Debug|Any CPU
		Release|Any CPU = Release|Any CPU
	EndGlobalSection
	GlobalSection(ProjectConfigurationPlatforms) = postSolution
		{04D4B77D-F4DE-4741-992B-49F989150AA5}.Debug|Any CPU.ActiveCfg = Debug|Any CPU
		{04D4B77D-F4DE-4741-992B-49F989150AA5}.Debug|Any CPU.Build.0 = Debug|Any CPU
		{04D4B77D-F4DE-4741-992B-49F989150AA5}.Release|Any CPU.ActiveCfg = Release|Any CPU
		{04D4B77D-F4DE-4741-992B-49F989150AA5}.Release|Any CPU.Build.0 = Release|Any CPU
	EndGlobalSection
	GlobalSection(SolutionProperties) = preSolution
		HideSolutionNode = FALSE
	EndGlobalSection
	GlobalSection(ExtensibilityGlobals) = postSolution
		SolutionGuid = {F1C56BAA-5A40-498A-ADFB-228BF741168F}
	EndGlobalSection
EndGlobal
